Microsoft Visual Studio Solution File, Format Version 11.00
# Visual Studio 2008

Project("{1D51EFAC-9740-2243-0A35-B375917F45E6}") = "Mano_rigged", "Assembly-CSharp.csproj", "{DED7259C-E606-EC6E-F2CD-08758A4BB1D1}"
EndProject
Project("{1D51EFAC-9740-2243-0A35-B375917F45E6}") = "Mano_rigged", "Assembly-CSharp-Editor.csproj", "{311B0507-655E-B3C7-9E55-63E8132D6719}"
EndProject
Global
	GlobalSection(SolutionConfigurationPlatforms) = preSolution
		Debug|Any CPU = Debug|Any CPU
		Release|Any CPU = Release|Any CPU
	EndGlobalSection
	GlobalSection(ProjectConfigurationPlatforms) = postSolution
		{DED7259C-E606-EC6E-F2CD-08758A4BB1D1}.Debug|Any CPU.ActiveCfg = Debug|Any CPU
		{DED7259C-E606-EC6E-F2CD-08758A4BB1D1}.Debug|Any CPU.Build.0 = Debug|Any CPU
		{DED7259C-E606-EC6E-F2CD-08758A4BB1D1}.Release|Any CPU.ActiveCfg = Release|Any CPU
		{DED7259C-E606-EC6E-F2CD-08758A4BB1D1}.Release|Any CPU.Build.0 = Release|Any CPU
		{311B0507-655E-B3C7-9E55-63E8132D6719}.Debug|Any CPU.ActiveCfg = Debug|Any CPU
		{311B0507-655E-B3C7-9E55-63E8132D6719}.Debug|Any CPU.Build.0 = Debug|Any CPU
		{311B0507-655E-B3C7-9E55-63E8132D6719}.Release|Any CPU.ActiveCfg = Release|Any CPU
		{311B0507-655E-B3C7-9E55-63E8132D6719}.Release|Any CPU.Build.0 = Release|Any CPU
	EndGlobalSection
	GlobalSection(SolutionProperties) = preSolution
		HideSolutionNode = FALSE
	EndGlobalSection
	GlobalSection(MonoDevelopProperties) = preSolution
		StartupItem = Assembly-CSharp.csproj
	EndGlobalSection
EndGlobal
