Microsoft Visual Studio Solution File, Format Version 11.00
# Visual Studio 2008

Project("{852ADD04-16D0-C034-1ABB-7A0E555E977A}") = "Haciendo mi prefab", "Assembly-CSharp.csproj", "{01E99D10-2AD4-1C9D-DE5C-DDC5DC62EB57}"
EndProject
Project("{852ADD04-16D0-C034-1ABB-7A0E555E977A}") = "Haciendo mi prefab", "Assembly-CSharp-Editor.csproj", "{CE05096B-038A-CFEB-F5B3-33A067F89F20}"
EndProject
Global
	GlobalSection(SolutionConfigurationPlatforms) = preSolution
		Debug|Any CPU = Debug|Any CPU
		Release|Any CPU = Release|Any CPU
	EndGlobalSection
	GlobalSection(ProjectConfigurationPlatforms) = postSolution
		{01E99D10-2AD4-1C9D-DE5C-DDC5DC62EB57}.Debug|Any CPU.ActiveCfg = Debug|Any CPU
		{01E99D10-2AD4-1C9D-DE5C-DDC5DC62EB57}.Debug|Any CPU.Build.0 = Debug|Any CPU
		{01E99D10-2AD4-1C9D-DE5C-DDC5DC62EB57}.Release|Any CPU.ActiveCfg = Release|Any CPU
		{01E99D10-2AD4-1C9D-DE5C-DDC5DC62EB57}.Release|Any CPU.Build.0 = Release|Any CPU
		{CE05096B-038A-CFEB-F5B3-33A067F89F20}.Debug|Any CPU.ActiveCfg = Debug|Any CPU
		{CE05096B-038A-CFEB-F5B3-33A067F89F20}.Debug|Any CPU.Build.0 = Debug|Any CPU
		{CE05096B-038A-CFEB-F5B3-33A067F89F20}.Release|Any CPU.ActiveCfg = Release|Any CPU
		{CE05096B-038A-CFEB-F5B3-33A067F89F20}.Release|Any CPU.Build.0 = Release|Any CPU
	EndGlobalSection
	GlobalSection(SolutionProperties) = preSolution
		HideSolutionNode = FALSE
	EndGlobalSection
	GlobalSection(MonoDevelopProperties) = preSolution
		StartupItem = Assembly-CSharp.csproj
	EndGlobalSection
EndGlobal
