Microsoft Visual Studio Solution File, Format Version 11.00
# Visual Studio 2008

Project("{1F2D9F2F-0819-0C29-DDED-8AA8987973D3}") = "TFG-Adrian_Oculus-Rift", "Assembly-CSharp-firstpass.csproj", "{E4372A3C-3C5D-554B-86E9-9AD4F0AE6788}"
EndProject
Project("{1F2D9F2F-0819-0C29-DDED-8AA8987973D3}") = "TFG-Adrian_Oculus-Rift", "Assembly-CSharp.csproj", "{CCF3187E-8168-2E3A-5D84-2FEA91273798}"
EndProject
Project("{1F2D9F2F-0819-0C29-DDED-8AA8987973D3}") = "TFG-Adrian_Oculus-Rift", "Assembly-CSharp-Editor-firstpass.csproj", "{4BE4F679-DB79-4B52-96F1-6EE8453FE8BA}"
EndProject
Project("{1F2D9F2F-0819-0C29-DDED-8AA8987973D3}") = "TFG-Adrian_Oculus-Rift", "Assembly-CSharp-Editor.csproj", "{01F7A5FB-07D6-39DD-C9FF-28AFA08AC60A}"
EndProject
Global
	GlobalSection(SolutionConfigurationPlatforms) = preSolution
		Debug|Any CPU = Debug|Any CPU
		Release|Any CPU = Release|Any CPU
	EndGlobalSection
	GlobalSection(ProjectConfigurationPlatforms) = postSolution
		{E4372A3C-3C5D-554B-86E9-9AD4F0AE6788}.Debug|Any CPU.ActiveCfg = Debug|Any CPU
		{E4372A3C-3C5D-554B-86E9-9AD4F0AE6788}.Debug|Any CPU.Build.0 = Debug|Any CPU
		{E4372A3C-3C5D-554B-86E9-9AD4F0AE6788}.Release|Any CPU.ActiveCfg = Release|Any CPU
		{E4372A3C-3C5D-554B-86E9-9AD4F0AE6788}.Release|Any CPU.Build.0 = Release|Any CPU
		{CCF3187E-8168-2E3A-5D84-2FEA91273798}.Debug|Any CPU.ActiveCfg = Debug|Any CPU
		{CCF3187E-8168-2E3A-5D84-2FEA91273798}.Debug|Any CPU.Build.0 = Debug|Any CPU
		{CCF3187E-8168-2E3A-5D84-2FEA91273798}.Release|Any CPU.ActiveCfg = Release|Any CPU
		{CCF3187E-8168-2E3A-5D84-2FEA91273798}.Release|Any CPU.Build.0 = Release|Any CPU
		{4BE4F679-DB79-4B52-96F1-6EE8453FE8BA}.Debug|Any CPU.ActiveCfg = Debug|Any CPU
		{4BE4F679-DB79-4B52-96F1-6EE8453FE8BA}.Debug|Any CPU.Build.0 = Debug|Any CPU
		{4BE4F679-DB79-4B52-96F1-6EE8453FE8BA}.Release|Any CPU.ActiveCfg = Release|Any CPU
		{4BE4F679-DB79-4B52-96F1-6EE8453FE8BA}.Release|Any CPU.Build.0 = Release|Any CPU
		{01F7A5FB-07D6-39DD-C9FF-28AFA08AC60A}.Debug|Any CPU.ActiveCfg = Debug|Any CPU
		{01F7A5FB-07D6-39DD-C9FF-28AFA08AC60A}.Debug|Any CPU.Build.0 = Debug|Any CPU
		{01F7A5FB-07D6-39DD-C9FF-28AFA08AC60A}.Release|Any CPU.ActiveCfg = Release|Any CPU
		{01F7A5FB-07D6-39DD-C9FF-28AFA08AC60A}.Release|Any CPU.Build.0 = Release|Any CPU
	EndGlobalSection
	GlobalSection(SolutionProperties) = preSolution
		HideSolutionNode = FALSE
	EndGlobalSection
	GlobalSection(MonoDevelopProperties) = preSolution
		StartupItem = Assembly-CSharp.csproj
	EndGlobalSection
EndGlobal
