Microsoft Visual Studio Solution File, Format Version 11.00
# Visual Studio 2008

Project("{D6DB460E-8C22-F9DF-6094-CCA5625680E5}") = "Probando foro", "Assembly-CSharp.csproj", "{0E8F883C-5CB0-4E17-B8C3-7B0DFF729278}"
EndProject
Project("{D6DB460E-8C22-F9DF-6094-CCA5625680E5}") = "Probando foro", "Assembly-CSharp-Editor.csproj", "{235B93A4-1E7B-DCBE-8121-D94A41877AEB}"
EndProject
Global
	GlobalSection(SolutionConfigurationPlatforms) = preSolution
		Debug|Any CPU = Debug|Any CPU
		Release|Any CPU = Release|Any CPU
	EndGlobalSection
	GlobalSection(ProjectConfigurationPlatforms) = postSolution
		{0E8F883C-5CB0-4E17-B8C3-7B0DFF729278}.Debug|Any CPU.ActiveCfg = Debug|Any CPU
		{0E8F883C-5CB0-4E17-B8C3-7B0DFF729278}.Debug|Any CPU.Build.0 = Debug|Any CPU
		{0E8F883C-5CB0-4E17-B8C3-7B0DFF729278}.Release|Any CPU.ActiveCfg = Release|Any CPU
		{0E8F883C-5CB0-4E17-B8C3-7B0DFF729278}.Release|Any CPU.Build.0 = Release|Any CPU
		{235B93A4-1E7B-DCBE-8121-D94A41877AEB}.Debug|Any CPU.ActiveCfg = Debug|Any CPU
		{235B93A4-1E7B-DCBE-8121-D94A41877AEB}.Debug|Any CPU.Build.0 = Debug|Any CPU
		{235B93A4-1E7B-DCBE-8121-D94A41877AEB}.Release|Any CPU.ActiveCfg = Release|Any CPU
		{235B93A4-1E7B-DCBE-8121-D94A41877AEB}.Release|Any CPU.Build.0 = Release|Any CPU
	EndGlobalSection
	GlobalSection(SolutionProperties) = preSolution
		HideSolutionNode = FALSE
	EndGlobalSection
	GlobalSection(MonoDevelopProperties) = preSolution
		StartupItem = Assembly-CSharp.csproj
	EndGlobalSection
EndGlobal
